
Microsoft Visual Studio Solution File, Format Version 12.00
# Visual Studio Version 17
VisualStudioVersion = 17.6.33815.320
MinimumVisualStudioVersion = 10.0.40219.1
Project("{FAE04EC0-301F-11D3-BF4B-00C04F79EFBC}") = "FatCock", "FatCock\FatCock.csproj", "{0204C6C4-9684-4BAE-9D7F-51CBAB1B365F}"
EndProject
Global
	GlobalSection(SolutionConfigurationPlatforms) = preSolution
		Debug|Any CPU = Debug|Any CPU
		Release|Any CPU = Release|Any CPU
	EndGlobalSection
	GlobalSection(ProjectConfigurationPlatforms) = postSolution
		{0204C6C4-9684-4BAE-9D7F-51CBAB1B365F}.Debug|Any CPU.ActiveCfg = Debug|Any CPU
		{0204C6C4-9684-4BAE-9D7F-51CBAB1B365F}.Debug|Any CPU.Build.0 = Debug|Any CPU
		{0204C6C4-9684-4BAE-9D7F-51CBAB1B365F}.Release|Any CPU.ActiveCfg = Release|Any CPU
		{0204C6C4-9684-4BAE-9D7F-51CBAB1B365F}.Release|Any CPU.Build.0 = Release|Any CPU
	EndGlobalSection
	GlobalSection(SolutionProperties) = preSolution
		HideSolutionNode = FALSE
	EndGlobalSection
	GlobalSection(ExtensibilityGlobals) = postSolution
		SolutionGuid = {DD5119D4-F0DC-48DD-B412-35D4448B5036}
	EndGlobalSection
EndGlobal
